
Microsoft Visual Studio Solution File, Format Version 12.00
# Visual Studio Version 16
VisualStudioVersion = 16.0.30621.155
MinimumVisualStudioVersion = 10.0.40219.1
Project("{FAE04EC0-301F-11D3-BF4B-00C04F79EFBC}") = "Presentacion", "Presentacion\Presentacion.csproj", "{1DD1F434-0D14-4811-AED0-D2844441B713}"
EndProject
Project("{FAE04EC0-301F-11D3-BF4B-00C04F79EFBC}") = "Logica", "Logica\Logica.csproj", "{56A22446-C0F5-41FB-B1B2-E3DF9CDFD4E5}"
EndProject
Project("{FAE04EC0-301F-11D3-BF4B-00C04F79EFBC}") = "Datos", "Datos\Datos.csproj", "{12370C1B-C251-45E9-A318-43E27155A668}"
EndProject
Global
	GlobalSection(SolutionConfigurationPlatforms) = preSolution
		Debug|Any CPU = Debug|Any CPU
		Release|Any CPU = Release|Any CPU
	EndGlobalSection
	GlobalSection(ProjectConfigurationPlatforms) = postSolution
		{1DD1F434-0D14-4811-AED0-D2844441B713}.Debug|Any CPU.ActiveCfg = Debug|Any CPU
		{1DD1F434-0D14-4811-AED0-D2844441B713}.Debug|Any CPU.Build.0 = Debug|Any CPU
		{1DD1F434-0D14-4811-AED0-D2844441B713}.Release|Any CPU.ActiveCfg = Release|Any CPU
		{1DD1F434-0D14-4811-AED0-D2844441B713}.Release|Any CPU.Build.0 = Release|Any CPU
		{56A22446-C0F5-41FB-B1B2-E3DF9CDFD4E5}.Debug|Any CPU.ActiveCfg = Debug|Any CPU
		{56A22446-C0F5-41FB-B1B2-E3DF9CDFD4E5}.Debug|Any CPU.Build.0 = Debug|Any CPU
		{56A22446-C0F5-41FB-B1B2-E3DF9CDFD4E5}.Release|Any CPU.ActiveCfg = Release|Any CPU
		{56A22446-C0F5-41FB-B1B2-E3DF9CDFD4E5}.Release|Any CPU.Build.0 = Release|Any CPU
		{12370C1B-C251-45E9-A318-43E27155A668}.Debug|Any CPU.ActiveCfg = Debug|Any CPU
		{12370C1B-C251-45E9-A318-43E27155A668}.Debug|Any CPU.Build.0 = Debug|Any CPU
		{12370C1B-C251-45E9-A318-43E27155A668}.Release|Any CPU.ActiveCfg = Release|Any CPU
		{12370C1B-C251-45E9-A318-43E27155A668}.Release|Any CPU.Build.0 = Release|Any CPU
	EndGlobalSection
	GlobalSection(SolutionProperties) = preSolution
		HideSolutionNode = FALSE
	EndGlobalSection
	GlobalSection(ExtensibilityGlobals) = postSolution
		SolutionGuid = {9077D1B8-1C20-4CB5-BE8B-63C2874504A8}
	EndGlobalSection
EndGlobal
